
Microsoft Visual Studio Solution File, Format Version 12.00
# Visual Studio Version 16
VisualStudioVersion = 16.0.29728.190
MinimumVisualStudioVersion = 10.0.40219.1
Project("{FAE04EC0-301F-11D3-BF4B-00C04F79EFBC}") = "ControlDelItla", "ControlDelItla\ControlDelItla.csproj", "{0BCCBF71-EC55-41DF-8089-C003360ECE83}"
EndProject
Global
	GlobalSection(SolutionConfigurationPlatforms) = preSolution
		Debug|Any CPU = Debug|Any CPU
		Release|Any CPU = Release|Any CPU
	EndGlobalSection
	GlobalSection(ProjectConfigurationPlatforms) = postSolution
		{0BCCBF71-EC55-41DF-8089-C003360ECE83}.Debug|Any CPU.ActiveCfg = Debug|Any CPU
		{0BCCBF71-EC55-41DF-8089-C003360ECE83}.Debug|Any CPU.Build.0 = Debug|Any CPU
		{0BCCBF71-EC55-41DF-8089-C003360ECE83}.Release|Any CPU.ActiveCfg = Release|Any CPU
		{0BCCBF71-EC55-41DF-8089-C003360ECE83}.Release|Any CPU.Build.0 = Release|Any CPU
	EndGlobalSection
	GlobalSection(SolutionProperties) = preSolution
		HideSolutionNode = FALSE
	EndGlobalSection
	GlobalSection(ExtensibilityGlobals) = postSolution
		SolutionGuid = {69836A96-8B68-4633-A911-9FF5054C6898}
	EndGlobalSection
EndGlobal
